
Microsoft Visual Studio Solution File, Format Version 9.00
# Visual Studio 2005
Project("{E24C65DC-7377-472B-9ABA-BC803B73C61A}") = "D:\...\YiTianChaoShiMis\", ".", "{9E6C3181-2B21-42D9-97CA-32CF66FA4BB0}"
	ProjectSection(WebsiteProperties) = preProject
		Debug.AspNetCompiler.VirtualPath = "/YiTianChaoShiMis"
		Debug.AspNetCompiler.PhysicalPath = "..\YiTianChaoShiMis\"
		Debug.AspNetCompiler.TargetPath = "PrecompiledWeb\YiTianChaoShiMis\"
		Debug.AspNetCompiler.Updateable = "true"
		Debug.AspNetCompiler.ForceOverwrite = "true"
		Debug.AspNetCompiler.FixedNames = "false"
		Debug.AspNetCompiler.Debug = "True"
		Release.AspNetCompiler.VirtualPath = "/YiTianChaoShiMis"
		Release.AspNetCompiler.PhysicalPath = "..\YiTianChaoShiMis\"
		Release.AspNetCompiler.TargetPath = "PrecompiledWeb\YiTianChaoShiMis\"
		Release.AspNetCompiler.Updateable = "true"
		Release.AspNetCompiler.ForceOverwrite = "true"
		Release.AspNetCompiler.FixedNames = "false"
		Release.AspNetCompiler.Debug = "False"
		VWDPort = "64397"
		DefaultWebSiteLanguage = "Visual C#"
	EndProjectSection
EndProject
Global
	GlobalSection(SolutionConfigurationPlatforms) = preSolution
		Debug|.NET = Debug|.NET
	EndGlobalSection
	GlobalSection(ProjectConfigurationPlatforms) = postSolution
		{9E6C3181-2B21-42D9-97CA-32CF66FA4BB0}.Debug|.NET.ActiveCfg = Debug|.NET
		{9E6C3181-2B21-42D9-97CA-32CF66FA4BB0}.Debug|.NET.Build.0 = Debug|.NET
	EndGlobalSection
	GlobalSection(SolutionProperties) = preSolution
		HideSolutionNode = FALSE
	EndGlobalSection
EndGlobal
